// !$*UTF8*$!
{
	archiveVersion = 1;
	classes = {
	};
	objectVersion = 46;
	objects = {

/* Begin PBXBuildFile section */
		7DF8F56DD036C6C22544FB53 /* Pods_FitnessChallengeUITests.framework in Frameworks */ = {isa = PBXBuildFile; fileRef = B532632B6508AF4299EDF426 /* Pods_FitnessChallengeUITests.framework */; };
		931A039D1DFF615300F98112 /* FriendController.swift in Sources */ = {isa = PBXBuildFile; fileRef = 931A039C1DFF615300F98112 /* FriendController.swift */; };
		932E62631E1BF22300EC267C /* SetController.swift in Sources */ = {isa = PBXBuildFile; fileRef = 932E62621E1BF22300EC267C /* SetController.swift */; };
		9364E0DC1E2D16270083D3E0 /* ProfileTabView.swift in Sources */ = {isa = PBXBuildFile; fileRef = 9364E0DB1E2D16270083D3E0 /* ProfileTabView.swift */; };
		9364E0E01E2D1B380083D3E0 /* ProfileTabViewController.swift in Sources */ = {isa = PBXBuildFile; fileRef = 9364E0DF1E2D1B380083D3E0 /* ProfileTabViewController.swift */; };
		936D05101E23E33000FBCD57 /* FriendCollectionViewCell.swift in Sources */ = {isa = PBXBuildFile; fileRef = 936D050F1E23E33000FBCD57 /* FriendCollectionViewCell.swift */; };
		9397F6B61E1AEB0F00187E63 /* ResearchKit.framework in Frameworks */ = {isa = PBXBuildFile; fileRef = 9397F6B31E1AEB0000187E63 /* ResearchKit.framework */; };
		9397F6B71E1AEB0F00187E63 /* ResearchKit.framework in Embed Frameworks */ = {isa = PBXBuildFile; fileRef = 9397F6B31E1AEB0000187E63 /* ResearchKit.framework */; settings = {ATTRIBUTES = (CodeSignOnCopy, RemoveHeadersOnCopy, ); }; };
		93DC6D7D1DFA2C760004ABE6 /* AppDelegate.swift in Sources */ = {isa = PBXBuildFile; fileRef = 93DC6D7C1DFA2C760004ABE6 /* AppDelegate.swift */; };
		93DC6D821DFA2C760004ABE6 /* Main.storyboard in Resources */ = {isa = PBXBuildFile; fileRef = 93DC6D801DFA2C760004ABE6 /* Main.storyboard */; };
		93DC6D841DFA2C760004ABE6 /* Assets.xcassets in Resources */ = {isa = PBXBuildFile; fileRef = 93DC6D831DFA2C760004ABE6 /* Assets.xcassets */; };
		93DC6D871DFA2C760004ABE6 /* LaunchScreen.storyboard in Resources */ = {isa = PBXBuildFile; fileRef = 93DC6D851DFA2C760004ABE6 /* LaunchScreen.storyboard */; };
		93DC6D921DFA2C760004ABE6 /* FitnessChallengeTests.swift in Sources */ = {isa = PBXBuildFile; fileRef = 93DC6D911DFA2C760004ABE6 /* FitnessChallengeTests.swift */; };
		93DC6D9D1DFA2C760004ABE6 /* FitnessChallengeUITests.swift in Sources */ = {isa = PBXBuildFile; fileRef = 93DC6D9C1DFA2C760004ABE6 /* FitnessChallengeUITests.swift */; };
		93DC6DAB1DFA2D730004ABE6 /* Athlete.swift in Sources */ = {isa = PBXBuildFile; fileRef = 93DC6DAA1DFA2D730004ABE6 /* Athlete.swift */; };
		93DC6DAD1DFA2EA20004ABE6 /* Challenge.swift in Sources */ = {isa = PBXBuildFile; fileRef = 93DC6DAC1DFA2EA20004ABE6 /* Challenge.swift */; };
		93DC6DAF1DFA2EAC0004ABE6 /* Set.swift in Sources */ = {isa = PBXBuildFile; fileRef = 93DC6DAE1DFA2EAC0004ABE6 /* Set.swift */; };
		93DC6DB41DFA2F860004ABE6 /* AthleteController.swift in Sources */ = {isa = PBXBuildFile; fileRef = 93DC6DB31DFA2F860004ABE6 /* AthleteController.swift */; };
		93DC6DB71DFA2FBB0004ABE6 /* ChallengeController.swift in Sources */ = {isa = PBXBuildFile; fileRef = 93DC6DB61DFA2FBB0004ABE6 /* ChallengeController.swift */; };
		93DC6DB91DFA36C70004ABE6 /* LoginViewController.swift in Sources */ = {isa = PBXBuildFile; fileRef = 93DC6DB81DFA36C70004ABE6 /* LoginViewController.swift */; };
		93DC6DBC1DFA37580004ABE6 /* CreateAccountViewController.swift in Sources */ = {isa = PBXBuildFile; fileRef = 93DC6DBB1DFA37580004ABE6 /* CreateAccountViewController.swift */; };
		93DC6DBE1DFA37EF0004ABE6 /* ChallengesViewController.swift in Sources */ = {isa = PBXBuildFile; fileRef = 93DC6DBD1DFA37EF0004ABE6 /* ChallengesViewController.swift */; };
		93DC6DC01DFA3C0F0004ABE6 /* CustomTabBarViewController.swift in Sources */ = {isa = PBXBuildFile; fileRef = 93DC6DBF1DFA3C0F0004ABE6 /* CustomTabBarViewController.swift */; };
		93DC6DC21DFA3D890004ABE6 /* CreateChallengeViewController.swift in Sources */ = {isa = PBXBuildFile; fileRef = 93DC6DC11DFA3D890004ABE6 /* CreateChallengeViewController.swift */; };
		93DC6DC41DFA3F0D0004ABE6 /* ProfileViewController.swift in Sources */ = {isa = PBXBuildFile; fileRef = 93DC6DC31DFA3F0D0004ABE6 /* ProfileViewController.swift */; };
		93DC6DC61DFA3F280004ABE6 /* FriendsViewController.swift in Sources */ = {isa = PBXBuildFile; fileRef = 93DC6DC51DFA3F280004ABE6 /* FriendsViewController.swift */; };
		93DC6DC81DFB2D930004ABE6 /* GoogleService-Info.plist in Resources */ = {isa = PBXBuildFile; fileRef = 93DC6DC71DFB2D930004ABE6 /* GoogleService-Info.plist */; };
		93EE95D31E00E35F00A4E02A /* StandingsViewController.swift in Sources */ = {isa = PBXBuildFile; fileRef = 93EE95D21E00E35F00A4E02A /* StandingsViewController.swift */; };
		93EE95D51E00E39300A4E02A /* AddSetViewController.swift in Sources */ = {isa = PBXBuildFile; fileRef = 93EE95D41E00E39300A4E02A /* AddSetViewController.swift */; };
		93EE95D71E00E3C700A4E02A /* ParticipantsViewController.swift in Sources */ = {isa = PBXBuildFile; fileRef = 93EE95D61E00E3C700A4E02A /* ParticipantsViewController.swift */; };
		93EE95D91E00E51500A4E02A /* CustomTabBarView.swift in Sources */ = {isa = PBXBuildFile; fileRef = 93EE95D81E00E51500A4E02A /* CustomTabBarView.swift */; };
		98201B0EE20B8EB2CB3C4AD3 /* Pods_FitnessChallengeTests.framework in Frameworks */ = {isa = PBXBuildFile; fileRef = 35954DC28AAA93469D15E517 /* Pods_FitnessChallengeTests.framework */; };
		CFF41F5835C4F9AA11F6F3B9 /* Pods_FitnessChallenge.framework in Frameworks */ = {isa = PBXBuildFile; fileRef = 34762EBB4B6D7B188C15F076 /* Pods_FitnessChallenge.framework */; };
/* End PBXBuildFile section */

/* Begin PBXContainerItemProxy section */
		9397F6B21E1AEB0000187E63 /* PBXContainerItemProxy */ = {
			isa = PBXContainerItemProxy;
			containerPortal = 9397F6AC1E1AEAFF00187E63 /* ResearchKit.xcodeproj */;
			proxyType = 2;
			remoteGlobalIDString = B183A5951A8535D100C76870;
			remoteInfo = ResearchKit;
		};
		9397F6B41E1AEB0000187E63 /* PBXContainerItemProxy */ = {
			isa = PBXContainerItemProxy;
			containerPortal = 9397F6AC1E1AEAFF00187E63 /* ResearchKit.xcodeproj */;
			proxyType = 2;
			remoteGlobalIDString = 86CC8E9A1AC09332001CCD89;
			remoteInfo = ResearchKitTests;
		};
		9397F6B81E1AEB0F00187E63 /* PBXContainerItemProxy */ = {
			isa = PBXContainerItemProxy;
			containerPortal = 9397F6AC1E1AEAFF00187E63 /* ResearchKit.xcodeproj */;
			proxyType = 1;
			remoteGlobalIDString = B183A4731A8535D100C76870;
			remoteInfo = ResearchKit;
		};
		93DC6D8E1DFA2C760004ABE6 /* PBXContainerItemProxy */ = {
			isa = PBXContainerItemProxy;
			containerPortal = 93DC6D711DFA2C760004ABE6 /* Project object */;
			proxyType = 1;
			remoteGlobalIDString = 93DC6D781DFA2C760004ABE6;
			remoteInfo = FitnessChallenge;
		};
		93DC6D991DFA2C760004ABE6 /* PBXContainerItemProxy */ = {
			isa = PBXContainerItemProxy;
			containerPortal = 93DC6D711DFA2C760004ABE6 /* Project object */;
			proxyType = 1;
			remoteGlobalIDString = 93DC6D781DFA2C760004ABE6;
			remoteInfo = FitnessChallenge;
		};
/* End PBXContainerItemProxy section */

/* Begin PBXCopyFilesBuildPhase section */
		9397F6BA1E1AEB0F00187E63 /* Embed Frameworks */ = {
			isa = PBXCopyFilesBuildPhase;
			buildActionMask = 2147483647;
			dstPath = "";
			dstSubfolderSpec = 10;
			files = (
				9397F6B71E1AEB0F00187E63 /* ResearchKit.framework in Embed Frameworks */,
			);
			name = "Embed Frameworks";
			runOnlyForDeploymentPostprocessing = 0;
		};
/* End PBXCopyFilesBuildPhase section */

/* Begin PBXFileReference section */
		3155C9CB543F844A61CA60C0 /* Pods-FitnessChallengeUITests.debug.xcconfig */ = {isa = PBXFileReference; includeInIndex = 1; lastKnownFileType = text.xcconfig; name = "Pods-FitnessChallengeUITests.debug.xcconfig"; path = "Pods/Target Support Files/Pods-FitnessChallengeUITests/Pods-FitnessChallengeUITests.debug.xcconfig"; sourceTree = "<group>"; };
		34762EBB4B6D7B188C15F076 /* Pods_FitnessChallenge.framework */ = {isa = PBXFileReference; explicitFileType = wrapper.framework; includeInIndex = 0; path = Pods_FitnessChallenge.framework; sourceTree = BUILT_PRODUCTS_DIR; };
		35954DC28AAA93469D15E517 /* Pods_FitnessChallengeTests.framework */ = {isa = PBXFileReference; explicitFileType = wrapper.framework; includeInIndex = 0; path = Pods_FitnessChallengeTests.framework; sourceTree = BUILT_PRODUCTS_DIR; };
		444791B66D11DFE81770F05C /* Pods-FitnessChallengeTests.release.xcconfig */ = {isa = PBXFileReference; includeInIndex = 1; lastKnownFileType = text.xcconfig; name = "Pods-FitnessChallengeTests.release.xcconfig"; path = "Pods/Target Support Files/Pods-FitnessChallengeTests/Pods-FitnessChallengeTests.release.xcconfig"; sourceTree = "<group>"; };
		4EFC1C0FC2AF3189BE6646CC /* Pods-FitnessChallengeUITests.release.xcconfig */ = {isa = PBXFileReference; includeInIndex = 1; lastKnownFileType = text.xcconfig; name = "Pods-FitnessChallengeUITests.release.xcconfig"; path = "Pods/Target Support Files/Pods-FitnessChallengeUITests/Pods-FitnessChallengeUITests.release.xcconfig"; sourceTree = "<group>"; };
		931A039C1DFF615300F98112 /* FriendController.swift */ = {isa = PBXFileReference; fileEncoding = 4; lastKnownFileType = sourcecode.swift; path = FriendController.swift; sourceTree = "<group>"; };
		932E62621E1BF22300EC267C /* SetController.swift */ = {isa = PBXFileReference; fileEncoding = 4; lastKnownFileType = sourcecode.swift; path = SetController.swift; sourceTree = "<group>"; };
		9364E0DB1E2D16270083D3E0 /* ProfileTabView.swift */ = {isa = PBXFileReference; fileEncoding = 4; lastKnownFileType = sourcecode.swift; path = ProfileTabView.swift; sourceTree = "<group>"; };
		9364E0DF1E2D1B380083D3E0 /* ProfileTabViewController.swift */ = {isa = PBXFileReference; fileEncoding = 4; lastKnownFileType = sourcecode.swift; path = ProfileTabViewController.swift; sourceTree = "<group>"; };
		936D050F1E23E33000FBCD57 /* FriendCollectionViewCell.swift */ = {isa = PBXFileReference; fileEncoding = 4; lastKnownFileType = sourcecode.swift; path = FriendCollectionViewCell.swift; sourceTree = "<group>"; };
		9397F6AC1E1AEAFF00187E63 /* ResearchKit.xcodeproj */ = {isa = PBXFileReference; lastKnownFileType = "wrapper.pb-project"; name = ResearchKit.xcodeproj; path = "../../../../../../../Downloads/ResearchKit-master/ResearchKit.xcodeproj"; sourceTree = "<group>"; };
		93DC6D791DFA2C760004ABE6 /* FitnessChallenge.app */ = {isa = PBXFileReference; explicitFileType = wrapper.application; includeInIndex = 0; path = FitnessChallenge.app; sourceTree = BUILT_PRODUCTS_DIR; };
		93DC6D7C1DFA2C760004ABE6 /* AppDelegate.swift */ = {isa = PBXFileReference; lastKnownFileType = sourcecode.swift; path = AppDelegate.swift; sourceTree = "<group>"; };
		93DC6D811DFA2C760004ABE6 /* Base */ = {isa = PBXFileReference; lastKnownFileType = file.storyboard; name = Base; path = Base.lproj/Main.storyboard; sourceTree = "<group>"; };
		93DC6D831DFA2C760004ABE6 /* Assets.xcassets */ = {isa = PBXFileReference; lastKnownFileType = folder.assetcatalog; path = Assets.xcassets; sourceTree = "<group>"; };
		93DC6D861DFA2C760004ABE6 /* Base */ = {isa = PBXFileReference; lastKnownFileType = file.storyboard; name = Base; path = Base.lproj/LaunchScreen.storyboard; sourceTree = "<group>"; };
		93DC6D881DFA2C760004ABE6 /* Info.plist */ = {isa = PBXFileReference; lastKnownFileType = text.plist.xml; path = Info.plist; sourceTree = "<group>"; };
		93DC6D8D1DFA2C760004ABE6 /* FitnessChallengeTests.xctest */ = {isa = PBXFileReference; explicitFileType = wrapper.cfbundle; includeInIndex = 0; path = FitnessChallengeTests.xctest; sourceTree = BUILT_PRODUCTS_DIR; };
		93DC6D911DFA2C760004ABE6 /* FitnessChallengeTests.swift */ = {isa = PBXFileReference; lastKnownFileType = sourcecode.swift; path = FitnessChallengeTests.swift; sourceTree = "<group>"; };
		93DC6D931DFA2C760004ABE6 /* Info.plist */ = {isa = PBXFileReference; lastKnownFileType = text.plist.xml; path = Info.plist; sourceTree = "<group>"; };
		93DC6D981DFA2C760004ABE6 /* FitnessChallengeUITests.xctest */ = {isa = PBXFileReference; explicitFileType = wrapper.cfbundle; includeInIndex = 0; path = FitnessChallengeUITests.xctest; sourceTree = BUILT_PRODUCTS_DIR; };
		93DC6D9C1DFA2C760004ABE6 /* FitnessChallengeUITests.swift */ = {isa = PBXFileReference; lastKnownFileType = sourcecode.swift; path = FitnessChallengeUITests.swift; sourceTree = "<group>"; };
		93DC6D9E1DFA2C760004ABE6 /* Info.plist */ = {isa = PBXFileReference; lastKnownFileType = text.plist.xml; path = Info.plist; sourceTree = "<group>"; };
		93DC6DAA1DFA2D730004ABE6 /* Athlete.swift */ = {isa = PBXFileReference; fileEncoding = 4; lastKnownFileType = sourcecode.swift; path = Athlete.swift; sourceTree = "<group>"; };
		93DC6DAC1DFA2EA20004ABE6 /* Challenge.swift */ = {isa = PBXFileReference; fileEncoding = 4; lastKnownFileType = sourcecode.swift; path = Challenge.swift; sourceTree = "<group>"; };
		93DC6DAE1DFA2EAC0004ABE6 /* Set.swift */ = {isa = PBXFileReference; fileEncoding = 4; lastKnownFileType = sourcecode.swift; path = Set.swift; sourceTree = "<group>"; };
		93DC6DB31DFA2F860004ABE6 /* AthleteController.swift */ = {isa = PBXFileReference; fileEncoding = 4; lastKnownFileType = sourcecode.swift; path = AthleteController.swift; sourceTree = "<group>"; };
		93DC6DB61DFA2FBB0004ABE6 /* ChallengeController.swift */ = {isa = PBXFileReference; fileEncoding = 4; lastKnownFileType = sourcecode.swift; path = ChallengeController.swift; sourceTree = "<group>"; };
		93DC6DB81DFA36C70004ABE6 /* LoginViewController.swift */ = {isa = PBXFileReference; fileEncoding = 4; lastKnownFileType = sourcecode.swift; path = LoginViewController.swift; sourceTree = "<group>"; };
		93DC6DBB1DFA37580004ABE6 /* CreateAccountViewController.swift */ = {isa = PBXFileReference; fileEncoding = 4; lastKnownFileType = sourcecode.swift; path = CreateAccountViewController.swift; sourceTree = "<group>"; };
		93DC6DBD1DFA37EF0004ABE6 /* ChallengesViewController.swift */ = {isa = PBXFileReference; fileEncoding = 4; lastKnownFileType = sourcecode.swift; path = ChallengesViewController.swift; sourceTree = "<group>"; };
		93DC6DBF1DFA3C0F0004ABE6 /* CustomTabBarViewController.swift */ = {isa = PBXFileReference; fileEncoding = 4; lastKnownFileType = sourcecode.swift; path = CustomTabBarViewController.swift; sourceTree = "<group>"; };
		93DC6DC11DFA3D890004ABE6 /* CreateChallengeViewController.swift */ = {isa = PBXFileReference; fileEncoding = 4; lastKnownFileType = sourcecode.swift; path = CreateChallengeViewController.swift; sourceTree = "<group>"; };
		93DC6DC31DFA3F0D0004ABE6 /* ProfileViewController.swift */ = {isa = PBXFileReference; fileEncoding = 4; lastKnownFileType = sourcecode.swift; path = ProfileViewController.swift; sourceTree = "<group>"; };
		93DC6DC51DFA3F280004ABE6 /* FriendsViewController.swift */ = {isa = PBXFileReference; fileEncoding = 4; lastKnownFileType = sourcecode.swift; path = FriendsViewController.swift; sourceTree = "<group>"; };
		93DC6DC71DFB2D930004ABE6 /* GoogleService-Info.plist */ = {isa = PBXFileReference; fileEncoding = 4; lastKnownFileType = text.plist.xml; path = "GoogleService-Info.plist"; sourceTree = "<group>"; };
		93EE95D21E00E35F00A4E02A /* StandingsViewController.swift */ = {isa = PBXFileReference; fileEncoding = 4; lastKnownFileType = sourcecode.swift; path = StandingsViewController.swift; sourceTree = "<group>"; };
		93EE95D41E00E39300A4E02A /* AddSetViewController.swift */ = {isa = PBXFileReference; fileEncoding = 4; lastKnownFileType = sourcecode.swift; path = AddSetViewController.swift; sourceTree = "<group>"; };
		93EE95D61E00E3C700A4E02A /* ParticipantsViewController.swift */ = {isa = PBXFileReference; fileEncoding = 4; lastKnownFileType = sourcecode.swift; path = ParticipantsViewController.swift; sourceTree = "<group>"; };
		93EE95D81E00E51500A4E02A /* CustomTabBarView.swift */ = {isa = PBXFileReference; fileEncoding = 4; lastKnownFileType = sourcecode.swift; path = CustomTabBarView.swift; sourceTree = "<group>"; };
		AAFA298C35CC8F25E2EC31A3 /* Pods-FitnessChallenge.release.xcconfig */ = {isa = PBXFileReference; includeInIndex = 1; lastKnownFileType = text.xcconfig; name = "Pods-FitnessChallenge.release.xcconfig"; path = "Pods/Target Support Files/Pods-FitnessChallenge/Pods-FitnessChallenge.release.xcconfig"; sourceTree = "<group>"; };
		B532632B6508AF4299EDF426 /* Pods_FitnessChallengeUITests.framework */ = {isa = PBXFileReference; explicitFileType = wrapper.framework; includeInIndex = 0; path = Pods_FitnessChallengeUITests.framework; sourceTree = BUILT_PRODUCTS_DIR; };
		E7969ED2723527129EE2F1E7 /* Pods-FitnessChallengeTests.debug.xcconfig */ = {isa = PBXFileReference; includeInIndex = 1; lastKnownFileType = text.xcconfig; name = "Pods-FitnessChallengeTests.debug.xcconfig"; path = "Pods/Target Support Files/Pods-FitnessChallengeTests/Pods-FitnessChallengeTests.debug.xcconfig"; sourceTree = "<group>"; };
		EFC297892682C23E001EACB2 /* Pods-FitnessChallenge.debug.xcconfig */ = {isa = PBXFileReference; includeInIndex = 1; lastKnownFileType = text.xcconfig; name = "Pods-FitnessChallenge.debug.xcconfig"; path = "Pods/Target Support Files/Pods-FitnessChallenge/Pods-FitnessChallenge.debug.xcconfig"; sourceTree = "<group>"; };
/* End PBXFileReference section */

/* Begin PBXFrameworksBuildPhase section */
		93DC6D761DFA2C760004ABE6 /* Frameworks */ = {
			isa = PBXFrameworksBuildPhase;
			buildActionMask = 2147483647;
			files = (
				9397F6B61E1AEB0F00187E63 /* ResearchKit.framework in Frameworks */,
				CFF41F5835C4F9AA11F6F3B9 /* Pods_FitnessChallenge.framework in Frameworks */,
			);
			runOnlyForDeploymentPostprocessing = 0;
		};
		93DC6D8A1DFA2C760004ABE6 /* Frameworks */ = {
			isa = PBXFrameworksBuildPhase;
			buildActionMask = 2147483647;
			files = (
				98201B0EE20B8EB2CB3C4AD3 /* Pods_FitnessChallengeTests.framework in Frameworks */,
			);
			runOnlyForDeploymentPostprocessing = 0;
		};
		93DC6D951DFA2C760004ABE6 /* Frameworks */ = {
			isa = PBXFrameworksBuildPhase;
			buildActionMask = 2147483647;
			files = (
				7DF8F56DD036C6C22544FB53 /* Pods_FitnessChallengeUITests.framework in Frameworks */,
			);
			runOnlyForDeploymentPostprocessing = 0;
		};
/* End PBXFrameworksBuildPhase section */

/* Begin PBXGroup section */
		0987B72476A78EC8DBBD7405 /* Pods */ = {
			isa = PBXGroup;
			children = (
				EFC297892682C23E001EACB2 /* Pods-FitnessChallenge.debug.xcconfig */,
				AAFA298C35CC8F25E2EC31A3 /* Pods-FitnessChallenge.release.xcconfig */,
				E7969ED2723527129EE2F1E7 /* Pods-FitnessChallengeTests.debug.xcconfig */,
				444791B66D11DFE81770F05C /* Pods-FitnessChallengeTests.release.xcconfig */,
				3155C9CB543F844A61CA60C0 /* Pods-FitnessChallengeUITests.debug.xcconfig */,
				4EFC1C0FC2AF3189BE6646CC /* Pods-FitnessChallengeUITests.release.xcconfig */,
			);
			name = Pods;
			sourceTree = "<group>";
		};
		931A039E1DFF618A00F98112 /* Controllers */ = {
			isa = PBXGroup;
			children = (
				931A039C1DFF615300F98112 /* FriendController.swift */,
			);
			name = Controllers;
			sourceTree = "<group>";
		};
		936D05131E23E33600FBCD57 /* Views */ = {
			isa = PBXGroup;
			children = (
				93EE95D81E00E51500A4E02A /* CustomTabBarView.swift */,
				936D050F1E23E33000FBCD57 /* FriendCollectionViewCell.swift */,
				9364E0DB1E2D16270083D3E0 /* ProfileTabView.swift */,
			);
			name = Views;
			sourceTree = "<group>";
		};
		9397F6AD1E1AEAFF00187E63 /* Products */ = {
			isa = PBXGroup;
			children = (
				9397F6B31E1AEB0000187E63 /* ResearchKit.framework */,
				9397F6B51E1AEB0000187E63 /* ResearchKitTests.xctest */,
			);
			name = Products;
			sourceTree = "<group>";
		};
		93DC6D701DFA2C760004ABE6 = {
			isa = PBXGroup;
			children = (
				9397F6AC1E1AEAFF00187E63 /* ResearchKit.xcodeproj */,
				93DC6D7B1DFA2C760004ABE6 /* FitnessChallenge */,
				93DC6D901DFA2C760004ABE6 /* FitnessChallengeTests */,
				93DC6D9B1DFA2C760004ABE6 /* FitnessChallengeUITests */,
				93DC6D7A1DFA2C760004ABE6 /* Products */,
				0987B72476A78EC8DBBD7405 /* Pods */,
				DAD1B0093506E46A870BB238 /* Frameworks */,
			);
			sourceTree = "<group>";
		};
		93DC6D7A1DFA2C760004ABE6 /* Products */ = {
			isa = PBXGroup;
			children = (
				93DC6D791DFA2C760004ABE6 /* FitnessChallenge.app */,
				93DC6D8D1DFA2C760004ABE6 /* FitnessChallengeTests.xctest */,
				93DC6D981DFA2C760004ABE6 /* FitnessChallengeUITests.xctest */,
			);
			name = Products;
			sourceTree = "<group>";
		};
		93DC6D7B1DFA2C760004ABE6 /* FitnessChallenge */ = {
			isa = PBXGroup;
			children = (
				93DC6D7C1DFA2C760004ABE6 /* AppDelegate.swift */,
				93DC6DB01DFA2ECD0004ABE6 /* Model */,
				93DC6DB51DFA2F940004ABE6 /* ModelControllers */,
				931A039E1DFF618A00F98112 /* Controllers */,
				936D05131E23E33600FBCD57 /* Views */,
				93DC6DBA1DFA36D10004ABE6 /* ViewControllers */,
				93DC6DB21DFA2F0B0004ABE6 /* Storyboards */,
				93DC6DB11DFA2EEF0004ABE6 /* Resources */,
			);
			path = FitnessChallenge;
			sourceTree = "<group>";
		};
		93DC6D901DFA2C760004ABE6 /* FitnessChallengeTests */ = {
			isa = PBXGroup;
			children = (
				93DC6D911DFA2C760004ABE6 /* FitnessChallengeTests.swift */,
				93DC6D931DFA2C760004ABE6 /* Info.plist */,
			);
			path = FitnessChallengeTests;
			sourceTree = "<group>";
		};
		93DC6D9B1DFA2C760004ABE6 /* FitnessChallengeUITests */ = {
			isa = PBXGroup;
			children = (
				93DC6D9C1DFA2C760004ABE6 /* FitnessChallengeUITests.swift */,
				93DC6D9E1DFA2C760004ABE6 /* Info.plist */,
			);
			path = FitnessChallengeUITests;
			sourceTree = "<group>";
		};
		93DC6DB01DFA2ECD0004ABE6 /* Model */ = {
			isa = PBXGroup;
			children = (
				93DC6DAA1DFA2D730004ABE6 /* Athlete.swift */,
				93DC6DAC1DFA2EA20004ABE6 /* Challenge.swift */,
				93DC6DAE1DFA2EAC0004ABE6 /* Set.swift */,
			);
			name = Model;
			sourceTree = "<group>";
		};
		93DC6DB11DFA2EEF0004ABE6 /* Resources */ = {
			isa = PBXGroup;
			children = (
				93DC6D831DFA2C760004ABE6 /* Assets.xcassets */,
				93DC6DC71DFB2D930004ABE6 /* GoogleService-Info.plist */,
				93DC6D881DFA2C760004ABE6 /* Info.plist */,
			);
			name = Resources;
			sourceTree = "<group>";
		};
		93DC6DB21DFA2F0B0004ABE6 /* Storyboards */ = {
			isa = PBXGroup;
			children = (
				93DC6D801DFA2C760004ABE6 /* Main.storyboard */,
				93DC6D851DFA2C760004ABE6 /* LaunchScreen.storyboard */,
			);
			name = Storyboards;
			sourceTree = "<group>";
		};
		93DC6DB51DFA2F940004ABE6 /* ModelControllers */ = {
			isa = PBXGroup;
			children = (
				93DC6DB31DFA2F860004ABE6 /* AthleteController.swift */,
				93DC6DB61DFA2FBB0004ABE6 /* ChallengeController.swift */,
				932E62621E1BF22300EC267C /* SetController.swift */,
			);
			name = ModelControllers;
			sourceTree = "<group>";
		};
		93DC6DBA1DFA36D10004ABE6 /* ViewControllers */ = {
			isa = PBXGroup;
			children = (
				93EE95D41E00E39300A4E02A /* AddSetViewController.swift */,
				93DC6DBD1DFA37EF0004ABE6 /* ChallengesViewController.swift */,
				93DC6DBB1DFA37580004ABE6 /* CreateAccountViewController.swift */,
				93DC6DC11DFA3D890004ABE6 /* CreateChallengeViewController.swift */,
				93DC6DBF1DFA3C0F0004ABE6 /* CustomTabBarViewController.swift */,
				93DC6DC51DFA3F280004ABE6 /* FriendsViewController.swift */,
				93DC6DB81DFA36C70004ABE6 /* LoginViewController.swift */,
				93EE95D61E00E3C700A4E02A /* ParticipantsViewController.swift */,
				9364E0DF1E2D1B380083D3E0 /* ProfileTabViewController.swift */,
				93DC6DC31DFA3F0D0004ABE6 /* ProfileViewController.swift */,
				93EE95D21E00E35F00A4E02A /* StandingsViewController.swift */,
			);
			name = ViewControllers;
			sourceTree = "<group>";
		};
		DAD1B0093506E46A870BB238 /* Frameworks */ = {
			isa = PBXGroup;
			children = (
				34762EBB4B6D7B188C15F076 /* Pods_FitnessChallenge.framework */,
				35954DC28AAA93469D15E517 /* Pods_FitnessChallengeTests.framework */,
				B532632B6508AF4299EDF426 /* Pods_FitnessChallengeUITests.framework */,
			);
			name = Frameworks;
			sourceTree = "<group>";
		};
/* End PBXGroup section */

/* Begin PBXNativeTarget section */
		93DC6D781DFA2C760004ABE6 /* FitnessChallenge */ = {
			isa = PBXNativeTarget;
			buildConfigurationList = 93DC6DA11DFA2C760004ABE6 /* Build configuration list for PBXNativeTarget "FitnessChallenge" */;
			buildPhases = (
				CFA3CF3354CE39E08798EB42 /* [CP] Check Pods Manifest.lock */,
				93DC6D751DFA2C760004ABE6 /* Sources */,
				93DC6D761DFA2C760004ABE6 /* Frameworks */,
				93DC6D771DFA2C760004ABE6 /* Resources */,
				CB9FE621A695A6FD02FEA2C0 /* [CP] Embed Pods Frameworks */,
				22493117C3BDCCC83A21FE1F /* [CP] Copy Pods Resources */,
				9397F6BA1E1AEB0F00187E63 /* Embed Frameworks */,
			);
			buildRules = (
			);
			dependencies = (
				9397F6B91E1AEB0F00187E63 /* PBXTargetDependency */,
			);
			name = FitnessChallenge;
			productName = FitnessChallenge;
			productReference = 93DC6D791DFA2C760004ABE6 /* FitnessChallenge.app */;
			productType = "com.apple.product-type.application";
		};
		93DC6D8C1DFA2C760004ABE6 /* FitnessChallengeTests */ = {
			isa = PBXNativeTarget;
			buildConfigurationList = 93DC6DA41DFA2C760004ABE6 /* Build configuration list for PBXNativeTarget "FitnessChallengeTests" */;
			buildPhases = (
				A0E9317B9A3C7BEA6F3DA423 /* [CP] Check Pods Manifest.lock */,
				93DC6D891DFA2C760004ABE6 /* Sources */,
				93DC6D8A1DFA2C760004ABE6 /* Frameworks */,
				93DC6D8B1DFA2C760004ABE6 /* Resources */,
				BEEF88A355508073095E0888 /* [CP] Embed Pods Frameworks */,
				C4B81D660F4A783575EB7552 /* [CP] Copy Pods Resources */,
			);
			buildRules = (
			);
			dependencies = (
				93DC6D8F1DFA2C760004ABE6 /* PBXTargetDependency */,
			);
			name = FitnessChallengeTests;
			productName = FitnessChallengeTests;
			productReference = 93DC6D8D1DFA2C760004ABE6 /* FitnessChallengeTests.xctest */;
			productType = "com.apple.product-type.bundle.unit-test";
		};
		93DC6D971DFA2C760004ABE6 /* FitnessChallengeUITests */ = {
			isa = PBXNativeTarget;
			buildConfigurationList = 93DC6DA71DFA2C760004ABE6 /* Build configuration list for PBXNativeTarget "FitnessChallengeUITests" */;
			buildPhases = (
				E0E0A8697D5ED273D32B8300 /* [CP] Check Pods Manifest.lock */,
				93DC6D941DFA2C760004ABE6 /* Sources */,
				93DC6D951DFA2C760004ABE6 /* Frameworks */,
				93DC6D961DFA2C760004ABE6 /* Resources */,
				249FFDC3A4D38331324337AF /* [CP] Embed Pods Frameworks */,
				96018B23D1FE474FAB6A03B7 /* [CP] Copy Pods Resources */,
			);
			buildRules = (
			);
			dependencies = (
				93DC6D9A1DFA2C760004ABE6 /* PBXTargetDependency */,
			);
			name = FitnessChallengeUITests;
			productName = FitnessChallengeUITests;
			productReference = 93DC6D981DFA2C760004ABE6 /* FitnessChallengeUITests.xctest */;
			productType = "com.apple.product-type.bundle.ui-testing";
		};
/* End PBXNativeTarget section */

/* Begin PBXProject section */
		93DC6D711DFA2C760004ABE6 /* Project object */ = {
			isa = PBXProject;
			attributes = {
				LastSwiftUpdateCheck = 0810;
				LastUpgradeCheck = 0810;
				ORGANIZATIONNAME = "Aaron Martinez";
				TargetAttributes = {
					93DC6D781DFA2C760004ABE6 = {
						CreatedOnToolsVersion = 8.1;
						DevelopmentTeam = D9JMB4MDLY;
						ProvisioningStyle = Automatic;
					};
					93DC6D8C1DFA2C760004ABE6 = {
						CreatedOnToolsVersion = 8.1;
						DevelopmentTeam = D9JMB4MDLY;
						ProvisioningStyle = Automatic;
						TestTargetID = 93DC6D781DFA2C760004ABE6;
					};
					93DC6D971DFA2C760004ABE6 = {
						CreatedOnToolsVersion = 8.1;
						DevelopmentTeam = D9JMB4MDLY;
						ProvisioningStyle = Automatic;
						TestTargetID = 93DC6D781DFA2C760004ABE6;
					};
				};
			};
			buildConfigurationList = 93DC6D741DFA2C760004ABE6 /* Build configuration list for PBXProject "FitnessChallenge" */;
			compatibilityVersion = "Xcode 3.2";
			developmentRegion = English;
			hasScannedForEncodings = 0;
			knownRegions = (
				en,
				Base,
			);
			mainGroup = 93DC6D701DFA2C760004ABE6;
			productRefGroup = 93DC6D7A1DFA2C760004ABE6 /* Products */;
			projectDirPath = "";
			projectReferences = (
				{
					ProductGroup = 9397F6AD1E1AEAFF00187E63 /* Products */;
					ProjectRef = 9397F6AC1E1AEAFF00187E63 /* ResearchKit.xcodeproj */;
				},
			);
			projectRoot = "";
			targets = (
				93DC6D781DFA2C760004ABE6 /* FitnessChallenge */,
				93DC6D8C1DFA2C760004ABE6 /* FitnessChallengeTests */,
				93DC6D971DFA2C760004ABE6 /* FitnessChallengeUITests */,
			);
		};
/* End PBXProject section */

/* Begin PBXReferenceProxy section */
		9397F6B31E1AEB0000187E63 /* ResearchKit.framework */ = {
			isa = PBXReferenceProxy;
			fileType = wrapper.framework;
			path = ResearchKit.framework;
			remoteRef = 9397F6B21E1AEB0000187E63 /* PBXContainerItemProxy */;
			sourceTree = BUILT_PRODUCTS_DIR;
		};
		9397F6B51E1AEB0000187E63 /* ResearchKitTests.xctest */ = {
			isa = PBXReferenceProxy;
			fileType = wrapper.cfbundle;
			path = ResearchKitTests.xctest;
			remoteRef = 9397F6B41E1AEB0000187E63 /* PBXContainerItemProxy */;
			sourceTree = BUILT_PRODUCTS_DIR;
		};
/* End PBXReferenceProxy section */

/* Begin PBXResourcesBuildPhase section */
		93DC6D771DFA2C760004ABE6 /* Resources */ = {
			isa = PBXResourcesBuildPhase;
			buildActionMask = 2147483647;
			files = (
				93DC6D871DFA2C760004ABE6 /* LaunchScreen.storyboard in Resources */,
				93DC6DC81DFB2D930004ABE6 /* GoogleService-Info.plist in Resources */,
				93DC6D841DFA2C760004ABE6 /* Assets.xcassets in Resources */,
				93DC6D821DFA2C760004ABE6 /* Main.storyboard in Resources */,
			);
			runOnlyForDeploymentPostprocessing = 0;
		};
		93DC6D8B1DFA2C760004ABE6 /* Resources */ = {
			isa = PBXResourcesBuildPhase;
			buildActionMask = 2147483647;
			files = (
			);
			runOnlyForDeploymentPostprocessing = 0;
		};
		93DC6D961DFA2C760004ABE6 /* Resources */ = {
			isa = PBXResourcesBuildPhase;
			buildActionMask = 2147483647;
			files = (
			);
			runOnlyForDeploymentPostprocessing = 0;
		};
/* End PBXResourcesBuildPhase section */

/* Begin PBXShellScriptBuildPhase section */
		22493117C3BDCCC83A21FE1F /* [CP] Copy Pods Resources */ = {
			isa = PBXShellScriptBuildPhase;
			buildActionMask = 2147483647;
			files = (
			);
			inputPaths = (
			);
			name = "[CP] Copy Pods Resources";
			outputPaths = (
			);
			runOnlyForDeploymentPostprocessing = 0;
			shellPath = /bin/sh;
			shellScript = "\"${SRCROOT}/Pods/Target Support Files/Pods-FitnessChallenge/Pods-FitnessChallenge-resources.sh\"\n";
			showEnvVarsInLog = 0;
		};
		249FFDC3A4D38331324337AF /* [CP] Embed Pods Frameworks */ = {
			isa = PBXShellScriptBuildPhase;
			buildActionMask = 2147483647;
			files = (
			);
			inputPaths = (
			);
			name = "[CP] Embed Pods Frameworks";
			outputPaths = (
			);
			runOnlyForDeploymentPostprocessing = 0;
			shellPath = /bin/sh;
			shellScript = "\"${SRCROOT}/Pods/Target Support Files/Pods-FitnessChallengeUITests/Pods-FitnessChallengeUITests-frameworks.sh\"\n";
			showEnvVarsInLog = 0;
		};
		96018B23D1FE474FAB6A03B7 /* [CP] Copy Pods Resources */ = {
			isa = PBXShellScriptBuildPhase;
			buildActionMask = 2147483647;
			files = (
			);
			inputPaths = (
			);
			name = "[CP] Copy Pods Resources";
			outputPaths = (
			);
			runOnlyForDeploymentPostprocessing = 0;
			shellPath = /bin/sh;
			shellScript = "\"${SRCROOT}/Pods/Target Support Files/Pods-FitnessChallengeUITests/Pods-FitnessChallengeUITests-resources.sh\"\n";
			showEnvVarsInLog = 0;
		};
		A0E9317B9A3C7BEA6F3DA423 /* [CP] Check Pods Manifest.lock */ = {
			isa = PBXShellScriptBuildPhase;
			buildActionMask = 2147483647;
			files = (
			);
			inputPaths = (
			);
			name = "[CP] Check Pods Manifest.lock";
			outputPaths = (
			);
			runOnlyForDeploymentPostprocessing = 0;
			shellPath = /bin/sh;
			shellScript = "diff \"${PODS_ROOT}/../Podfile.lock\" \"${PODS_ROOT}/Manifest.lock\" > /dev/null\nif [ $? != 0 ] ; then\n    # print error to STDERR\n    echo \"error: The sandbox is not in sync with the Podfile.lock. Run 'pod install' or update your CocoaPods installation.\" >&2\n    exit 1\nfi\n";
			showEnvVarsInLog = 0;
		};
		BEEF88A355508073095E0888 /* [CP] Embed Pods Frameworks */ = {
			isa = PBXShellScriptBuildPhase;
			buildActionMask = 2147483647;
			files = (
			);
			inputPaths = (
			);
			name = "[CP] Embed Pods Frameworks";
			outputPaths = (
			);
			runOnlyForDeploymentPostprocessing = 0;
			shellPath = /bin/sh;
			shellScript = "\"${SRCROOT}/Pods/Target Support Files/Pods-FitnessChallengeTests/Pods-FitnessChallengeTests-frameworks.sh\"\n";
			showEnvVarsInLog = 0;
		};
		C4B81D660F4A783575EB7552 /* [CP] Copy Pods Resources */ = {
			isa = PBXShellScriptBuildPhase;
			buildActionMask = 2147483647;
			files = (
			);
			inputPaths = (
			);
			name = "[CP] Copy Pods Resources";
			outputPaths = (
			);
			runOnlyForDeploymentPostprocessing = 0;
			shellPath = /bin/sh;
			shellScript = "\"${SRCROOT}/Pods/Target Support Files/Pods-FitnessChallengeTests/Pods-FitnessChallengeTests-resources.sh\"\n";
			showEnvVarsInLog = 0;
		};
		CB9FE621A695A6FD02FEA2C0 /* [CP] Embed Pods Frameworks */ = {
			isa = PBXShellScriptBuildPhase;
			buildActionMask = 2147483647;
			files = (
			);
			inputPaths = (
			);
			name = "[CP] Embed Pods Frameworks";
			outputPaths = (
			);
			runOnlyForDeploymentPostprocessing = 0;
			shellPath = /bin/sh;
			shellScript = "\"${SRCROOT}/Pods/Target Support Files/Pods-FitnessChallenge/Pods-FitnessChallenge-frameworks.sh\"\n";
			showEnvVarsInLog = 0;
		};
		CFA3CF3354CE39E08798EB42 /* [CP] Check Pods Manifest.lock */ = {
			isa = PBXShellScriptBuildPhase;
			buildActionMask = 2147483647;
			files = (
			);
			inputPaths = (
			);
			name = "[CP] Check Pods Manifest.lock";
			outputPaths = (
			);
			runOnlyForDeploymentPostprocessing = 0;
			shellPath = /bin/sh;
			shellScript = "diff \"${PODS_ROOT}/../Podfile.lock\" \"${PODS_ROOT}/Manifest.lock\" > /dev/null\nif [ $? != 0 ] ; then\n    # print error to STDERR\n    echo \"error: The sandbox is not in sync with the Podfile.lock. Run 'pod install' or update your CocoaPods installation.\" >&2\n    exit 1\nfi\n";
			showEnvVarsInLog = 0;
		};
		E0E0A8697D5ED273D32B8300 /* [CP] Check Pods Manifest.lock */ = {
			isa = PBXShellScriptBuildPhase;
			buildActionMask = 2147483647;
			files = (
			);
			inputPaths = (
			);
			name = "[CP] Check Pods Manifest.lock";
			outputPaths = (
			);
			runOnlyForDeploymentPostprocessing = 0;
			shellPath = /bin/sh;
			shellScript = "diff \"${PODS_ROOT}/../Podfile.lock\" \"${PODS_ROOT}/Manifest.lock\" > /dev/null\nif [ $? != 0 ] ; then\n    # print error to STDERR\n    echo \"error: The sandbox is not in sync with the Podfile.lock. Run 'pod install' or update your CocoaPods installation.\" >&2\n    exit 1\nfi\n";
			showEnvVarsInLog = 0;
		};
/* End PBXShellScriptBuildPhase section */

/* Begin PBXSourcesBuildPhase section */
		93DC6D751DFA2C760004ABE6 /* Sources */ = {
			isa = PBXSourcesBuildPhase;
			buildActionMask = 2147483647;
			files = (
				93DC6DB91DFA36C70004ABE6 /* LoginViewController.swift in Sources */,
				931A039D1DFF615300F98112 /* FriendController.swift in Sources */,
				93DC6DC21DFA3D890004ABE6 /* CreateChallengeViewController.swift in Sources */,
				93DC6DC61DFA3F280004ABE6 /* FriendsViewController.swift in Sources */,
				93DC6DAF1DFA2EAC0004ABE6 /* Set.swift in Sources */,
				93DC6DB71DFA2FBB0004ABE6 /* ChallengeController.swift in Sources */,
				932E62631E1BF22300EC267C /* SetController.swift in Sources */,
				9364E0DC1E2D16270083D3E0 /* ProfileTabView.swift in Sources */,
				93DC6D7D1DFA2C760004ABE6 /* AppDelegate.swift in Sources */,
				93DC6DBE1DFA37EF0004ABE6 /* ChallengesViewController.swift in Sources */,
				93EE95D71E00E3C700A4E02A /* ParticipantsViewController.swift in Sources */,
				93EE95D91E00E51500A4E02A /* CustomTabBarView.swift in Sources */,
				93DC6DC41DFA3F0D0004ABE6 /* ProfileViewController.swift in Sources */,
				936D05101E23E33000FBCD57 /* FriendCollectionViewCell.swift in Sources */,
				93EE95D51E00E39300A4E02A /* AddSetViewController.swift in Sources */,
				93DC6DBC1DFA37580004ABE6 /* CreateAccountViewController.swift in Sources */,
				93DC6DC01DFA3C0F0004ABE6 /* CustomTabBarViewController.swift in Sources */,
				93DC6DAD1DFA2EA20004ABE6 /* Challenge.swift in Sources */,
				9364E0E01E2D1B380083D3E0 /* ProfileTabViewController.swift in Sources */,
				93DC6DAB1DFA2D730004ABE6 /* Athlete.swift in Sources */,
				93DC6DB41DFA2F860004ABE6 /* AthleteController.swift in Sources */,
				93EE95D31E00E35F00A4E02A /* StandingsViewController.swift in Sources */,
			);
			runOnlyForDeploymentPostprocessing = 0;
		};
		93DC6D891DFA2C760004ABE6 /* Sources */ = {
			isa = PBXSourcesBuildPhase;
			buildActionMask = 2147483647;
			files = (
				93DC6D921DFA2C760004ABE6 /* FitnessChallengeTests.swift in Sources */,
			);
			runOnlyForDeploymentPostprocessing = 0;
		};
		93DC6D941DFA2C760004ABE6 /* Sources */ = {
			isa = PBXSourcesBuildPhase;
			buildActionMask = 2147483647;
			files = (
				93DC6D9D1DFA2C760004ABE6 /* FitnessChallengeUITests.swift in Sources */,
			);
			runOnlyForDeploymentPostprocessing = 0;
		};
/* End PBXSourcesBuildPhase section */

/* Begin PBXTargetDependency section */
		9397F6B91E1AEB0F00187E63 /* PBXTargetDependency */ = {
			isa = PBXTargetDependency;
			name = ResearchKit;
			targetProxy = 9397F6B81E1AEB0F00187E63 /* PBXContainerItemProxy */;
		};
		93DC6D8F1DFA2C760004ABE6 /* PBXTargetDependency */ = {
			isa = PBXTargetDependency;
			target = 93DC6D781DFA2C760004ABE6 /* FitnessChallenge */;
			targetProxy = 93DC6D8E1DFA2C760004ABE6 /* PBXContainerItemProxy */;
		};
		93DC6D9A1DFA2C760004ABE6 /* PBXTargetDependency */ = {
			isa = PBXTargetDependency;
			target = 93DC6D781DFA2C760004ABE6 /* FitnessChallenge */;
			targetProxy = 93DC6D991DFA2C760004ABE6 /* PBXContainerItemProxy */;
		};
/* End PBXTargetDependency section */

/* Begin PBXVariantGroup section */
		93DC6D801DFA2C760004ABE6 /* Main.storyboard */ = {
			isa = PBXVariantGroup;
			children = (
				93DC6D811DFA2C760004ABE6 /* Base */,
			);
			name = Main.storyboard;
			sourceTree = "<group>";
		};
		93DC6D851DFA2C760004ABE6 /* LaunchScreen.storyboard */ = {
			isa = PBXVariantGroup;
			children = (
				93DC6D861DFA2C760004ABE6 /* Base */,
			);
			name = LaunchScreen.storyboard;
			sourceTree = "<group>";
		};
/* End PBXVariantGroup section */

/* Begin XCBuildConfiguration section */
		93DC6D9F1DFA2C760004ABE6 /* Debug */ = {
			isa = XCBuildConfiguration;
			buildSettings = {
				ALWAYS_SEARCH_USER_PATHS = NO;
				CLANG_ANALYZER_NONNULL = YES;
				CLANG_CXX_LANGUAGE_STANDARD = "gnu++0x";
				CLANG_CXX_LIBRARY = "libc++";
				CLANG_ENABLE_MODULES = YES;
				CLANG_ENABLE_OBJC_ARC = YES;
				CLANG_WARN_BOOL_CONVERSION = YES;
				CLANG_WARN_CONSTANT_CONVERSION = YES;
				CLANG_WARN_DIRECT_OBJC_ISA_USAGE = YES_ERROR;
				CLANG_WARN_DOCUMENTATION_COMMENTS = YES;
				CLANG_WARN_EMPTY_BODY = YES;
				CLANG_WARN_ENUM_CONVERSION = YES;
				CLANG_WARN_INFINITE_RECURSION = YES;
				CLANG_WARN_INT_CONVERSION = YES;
				CLANG_WARN_OBJC_ROOT_CLASS = YES_ERROR;
				CLANG_WARN_SUSPICIOUS_MOVES = YES;
				CLANG_WARN_UNREACHABLE_CODE = YES;
				CLANG_WARN__DUPLICATE_METHOD_MATCH = YES;
				"CODE_SIGN_IDENTITY[sdk=iphoneos*]" = "iPhone Developer";
				COPY_PHASE_STRIP = NO;
				DEBUG_INFORMATION_FORMAT = dwarf;
				ENABLE_STRICT_OBJC_MSGSEND = YES;
				ENABLE_TESTABILITY = YES;
				GCC_C_LANGUAGE_STANDARD = gnu99;
				GCC_DYNAMIC_NO_PIC = NO;
				GCC_NO_COMMON_BLOCKS = YES;
				GCC_OPTIMIZATION_LEVEL = 0;
				GCC_PREPROCESSOR_DEFINITIONS = (
					"DEBUG=1",
					"$(inherited)",
				);
				GCC_WARN_64_TO_32_BIT_CONVERSION = YES;
				GCC_WARN_ABOUT_RETURN_TYPE = YES_ERROR;
				GCC_WARN_UNDECLARED_SELECTOR = YES;
				GCC_WARN_UNINITIALIZED_AUTOS = YES_AGGRESSIVE;
				GCC_WARN_UNUSED_FUNCTION = YES;
				GCC_WARN_UNUSED_VARIABLE = YES;
				IPHONEOS_DEPLOYMENT_TARGET = 10.1;
				MTL_ENABLE_DEBUG_INFO = YES;
				ONLY_ACTIVE_ARCH = YES;
				SDKROOT = iphoneos;
				SWIFT_ACTIVE_COMPILATION_CONDITIONS = DEBUG;
				SWIFT_OPTIMIZATION_LEVEL = "-Onone";
				TARGETED_DEVICE_FAMILY = "1,2";
			};
			name = Debug;
		};
		93DC6DA01DFA2C760004ABE6 /* Release */ = {
			isa = XCBuildConfiguration;
			buildSettings = {
				ALWAYS_SEARCH_USER_PATHS = NO;
				CLANG_ANALYZER_NONNULL = YES;
				CLANG_CXX_LANGUAGE_STANDARD = "gnu++0x";
				CLANG_CXX_LIBRARY = "libc++";
				CLANG_ENABLE_MODULES = YES;
				CLANG_ENABLE_OBJC_ARC = YES;
				CLANG_WARN_BOOL_CONVERSION = YES;
				CLANG_WARN_CONSTANT_CONVERSION = YES;
				CLANG_WARN_DIRECT_OBJC_ISA_USAGE = YES_ERROR;
				CLANG_WARN_DOCUMENTATION_COMMENTS = YES;
				CLANG_WARN_EMPTY_BODY = YES;
				CLANG_WARN_ENUM_CONVERSION = YES;
				CLANG_WARN_INFINITE_RECURSION = YES;
				CLANG_WARN_INT_CONVERSION = YES;
				CLANG_WARN_OBJC_ROOT_CLASS = YES_ERROR;
				CLANG_WARN_SUSPICIOUS_MOVES = YES;
				CLANG_WARN_UNREACHABLE_CODE = YES;
				CLANG_WARN__DUPLICATE_METHOD_MATCH = YES;
				"CODE_SIGN_IDENTITY[sdk=iphoneos*]" = "iPhone Developer";
				COPY_PHASE_STRIP = NO;
				DEBUG_INFORMATION_FORMAT = "dwarf-with-dsym";
				ENABLE_NS_ASSERTIONS = NO;
				ENABLE_STRICT_OBJC_MSGSEND = YES;
				GCC_C_LANGUAGE_STANDARD = gnu99;
				GCC_NO_COMMON_BLOCKS = YES;
				GCC_WARN_64_TO_32_BIT_CONVERSION = YES;
				GCC_WARN_ABOUT_RETURN_TYPE = YES_ERROR;
				GCC_WARN_UNDECLARED_SELECTOR = YES;
				GCC_WARN_UNINITIALIZED_AUTOS = YES_AGGRESSIVE;
				GCC_WARN_UNUSED_FUNCTION = YES;
				GCC_WARN_UNUSED_VARIABLE = YES;
				IPHONEOS_DEPLOYMENT_TARGET = 10.1;
				MTL_ENABLE_DEBUG_INFO = NO;
				SDKROOT = iphoneos;
				SWIFT_OPTIMIZATION_LEVEL = "-Owholemodule";
				TARGETED_DEVICE_FAMILY = "1,2";
				VALIDATE_PRODUCT = YES;
			};
			name = Release;
		};
		93DC6DA21DFA2C760004ABE6 /* Debug */ = {
			isa = XCBuildConfiguration;
			baseConfigurationReference = EFC297892682C23E001EACB2 /* Pods-FitnessChallenge.debug.xcconfig */;
			buildSettings = {
				ALWAYS_EMBED_SWIFT_STANDARD_LIBRARIES = YES;
				ASSETCATALOG_COMPILER_APPICON_NAME = AppIcon;
				DEVELOPMENT_TEAM = D9JMB4MDLY;
				FRAMEWORK_SEARCH_PATHS = (
					"$(inherited)",
					"\"$PODS_CONFIGURATION_BUILD_DIR/GTMSessionFetcher\"",
					"\"$PODS_CONFIGURATION_BUILD_DIR/GoogleToolboxForMac\"",
					"\"$PODS_CONFIGURATION_BUILD_DIR/ResearchKit\"",
					"\"${PODS_ROOT}/FirebaseAnalytics/Frameworks/frameworks\"",
					"\"${PODS_ROOT}/FirebaseAuth/Frameworks/frameworks\"",
					"\"${PODS_ROOT}/FirebaseCore/Frameworks/frameworks\"",
					"\"${PODS_ROOT}/FirebaseDatabase/Frameworks\"",
					"\"${PODS_ROOT}/FirebaseInstanceID/Frameworks/frameworks\"",
					"\"${PODS_ROOT}/FirebaseStorage/Frameworks/frameworks\"",
					"\"${PODS_ROOT}/GoogleInterchangeUtilities/Frameworks/frameworks\"",
					"\"${PODS_ROOT}/GoogleSymbolUtilities/Frameworks/frameworks\"",
					"$(SRCROOT)/**",
				);
				INFOPLIST_FILE = FitnessChallenge/Info.plist;
				IPHONEOS_DEPLOYMENT_TARGET = 10.2;
				LD_RUNPATH_SEARCH_PATHS = "$(inherited) @executable_path/Frameworks";
				PRODUCT_BUNDLE_IDENTIFIER = com.aaronmartinez.FitnessChallenge;
				PRODUCT_NAME = "$(TARGET_NAME)";
				SWIFT_VERSION = 3.0;
			};
			name = Debug;
		};
		93DC6DA31DFA2C760004ABE6 /* Release */ = {
			isa = XCBuildConfiguration;
			baseConfigurationReference = AAFA298C35CC8F25E2EC31A3 /* Pods-FitnessChallenge.release.xcconfig */;
			buildSettings = {
				ALWAYS_EMBED_SWIFT_STANDARD_LIBRARIES = YES;
				ASSETCATALOG_COMPILER_APPICON_NAME = AppIcon;
				DEVELOPMENT_TEAM = D9JMB4MDLY;
				FRAMEWORK_SEARCH_PATHS = (
					"$(inherited)",
					"\"$PODS_CONFIGURATION_BUILD_DIR/GTMSessionFetcher\"",
					"\"$PODS_CONFIGURATION_BUILD_DIR/GoogleToolboxForMac\"",
					"\"$PODS_CONFIGURATION_BUILD_DIR/ResearchKit\"",
					"\"${PODS_ROOT}/FirebaseAnalytics/Frameworks/frameworks\"",
					"\"${PODS_ROOT}/FirebaseAuth/Frameworks/frameworks\"",
					"\"${PODS_ROOT}/FirebaseCore/Frameworks/frameworks\"",
					"\"${PODS_ROOT}/FirebaseDatabase/Frameworks\"",
					"\"${PODS_ROOT}/FirebaseInstanceID/Frameworks/frameworks\"",
					"\"${PODS_ROOT}/FirebaseStorage/Frameworks/frameworks\"",
					"\"${PODS_ROOT}/GoogleInterchangeUtilities/Frameworks/frameworks\"",
					"\"${PODS_ROOT}/GoogleSymbolUtilities/Frameworks/frameworks\"",
					"$(SRCROOT)/**",
				);
				INFOPLIST_FILE = FitnessChallenge/Info.plist;
				IPHONEOS_DEPLOYMENT_TARGET = 10.2;
				LD_RUNPATH_SEARCH_PATHS = "$(inherited) @executable_path/Frameworks";
				PRODUCT_BUNDLE_IDENTIFIER = com.aaronmartinez.FitnessChallenge;
				PRODUCT_NAME = "$(TARGET_NAME)";
				SWIFT_VERSION = 3.0;
			};
			name = Release;
		};
		93DC6DA51DFA2C760004ABE6 /* Debug */ = {
			isa = XCBuildConfiguration;
			baseConfigurationReference = E7969ED2723527129EE2F1E7 /* Pods-FitnessChallengeTests.debug.xcconfig */;
			buildSettings = {
				ALWAYS_EMBED_SWIFT_STANDARD_LIBRARIES = YES;
				BUNDLE_LOADER = "$(TEST_HOST)";
				DEVELOPMENT_TEAM = D9JMB4MDLY;
				INFOPLIST_FILE = FitnessChallengeTests/Info.plist;
				LD_RUNPATH_SEARCH_PATHS = "$(inherited) @executable_path/Frameworks @loader_path/Frameworks";
				PRODUCT_BUNDLE_IDENTIFIER = com.aaronmartinez.FitnessChallengeTests;
				PRODUCT_NAME = "$(TARGET_NAME)";
				SWIFT_VERSION = 3.0;
				TEST_HOST = "$(BUILT_PRODUCTS_DIR)/FitnessChallenge.app/FitnessChallenge";
			};
			name = Debug;
		};
		93DC6DA61DFA2C760004ABE6 /* Release */ = {
			isa = XCBuildConfiguration;
			baseConfigurationReference = 444791B66D11DFE81770F05C /* Pods-FitnessChallengeTests.release.xcconfig */;
			buildSettings = {
				ALWAYS_EMBED_SWIFT_STANDARD_LIBRARIES = YES;
				BUNDLE_LOADER = "$(TEST_HOST)";
				DEVELOPMENT_TEAM = D9JMB4MDLY;
				INFOPLIST_FILE = FitnessChallengeTests/Info.plist;
				LD_RUNPATH_SEARCH_PATHS = "$(inherited) @executable_path/Frameworks @loader_path/Frameworks";
				PRODUCT_BUNDLE_IDENTIFIER = com.aaronmartinez.FitnessChallengeTests;
				PRODUCT_NAME = "$(TARGET_NAME)";
				SWIFT_VERSION = 3.0;
				TEST_HOST = "$(BUILT_PRODUCTS_DIR)/FitnessChallenge.app/FitnessChallenge";
			};
			name = Release;
		};
		93DC6DA81DFA2C760004ABE6 /* Debug */ = {
			isa = XCBuildConfiguration;
			baseConfigurationReference = 3155C9CB543F844A61CA60C0 /* Pods-FitnessChallengeUITests.debug.xcconfig */;
			buildSettings = {
				ALWAYS_EMBED_SWIFT_STANDARD_LIBRARIES = YES;
				DEVELOPMENT_TEAM = D9JMB4MDLY;
				INFOPLIST_FILE = FitnessChallengeUITests/Info.plist;
				LD_RUNPATH_SEARCH_PATHS = "$(inherited) @executable_path/Frameworks @loader_path/Frameworks";
				PRODUCT_BUNDLE_IDENTIFIER = com.aaronmartinez.FitnessChallengeUITests;
				PRODUCT_NAME = "$(TARGET_NAME)";
				SWIFT_VERSION = 3.0;
				TEST_TARGET_NAME = FitnessChallenge;
			};
			name = Debug;
		};
		93DC6DA91DFA2C760004ABE6 /* Release */ = {
			isa = XCBuildConfiguration;
			baseConfigurationReference = 4EFC1C0FC2AF3189BE6646CC /* Pods-FitnessChallengeUITests.release.xcconfig */;
			buildSettings = {
				ALWAYS_EMBED_SWIFT_STANDARD_LIBRARIES = YES;
				DEVELOPMENT_TEAM = D9JMB4MDLY;
				INFOPLIST_FILE = FitnessChallengeUITests/Info.plist;
				LD_RUNPATH_SEARCH_PATHS = "$(inherited) @executable_path/Frameworks @loader_path/Frameworks";
				PRODUCT_BUNDLE_IDENTIFIER = com.aaronmartinez.FitnessChallengeUITests;
				PRODUCT_NAME = "$(TARGET_NAME)";
				SWIFT_VERSION = 3.0;
				TEST_TARGET_NAME = FitnessChallenge;
			};
			name = Release;
		};
/* End XCBuildConfiguration section */

/* Begin XCConfigurationList section */
		93DC6D741DFA2C760004ABE6 /* Build configuration list for PBXProject "FitnessChallenge" */ = {
			isa = XCConfigurationList;
			buildConfigurations = (
				93DC6D9F1DFA2C760004ABE6 /* Debug */,
				93DC6DA01DFA2C760004ABE6 /* Release */,
			);
			defaultConfigurationIsVisible = 0;
			defaultConfigurationName = Release;
		};
		93DC6DA11DFA2C760004ABE6 /* Build configuration list for PBXNativeTarget "FitnessChallenge" */ = {
			isa = XCConfigurationList;
			buildConfigurations = (
				93DC6DA21DFA2C760004ABE6 /* Debug */,
				93DC6DA31DFA2C760004ABE6 /* Release */,
			);
			defaultConfigurationIsVisible = 0;
			defaultConfigurationName = Release;
		};
		93DC6DA41DFA2C760004ABE6 /* Build configuration list for PBXNativeTarget "FitnessChallengeTests" */ = {
			isa = XCConfigurationList;
			buildConfigurations = (
				93DC6DA51DFA2C760004ABE6 /* Debug */,
				93DC6DA61DFA2C760004ABE6 /* Release */,
			);
			defaultConfigurationIsVisible = 0;
			defaultConfigurationName = Release;
		};
		93DC6DA71DFA2C760004ABE6 /* Build configuration list for PBXNativeTarget "FitnessChallengeUITests" */ = {
			isa = XCConfigurationList;
			buildConfigurations = (
				93DC6DA81DFA2C760004ABE6 /* Debug */,
				93DC6DA91DFA2C760004ABE6 /* Release */,
			);
			defaultConfigurationIsVisible = 0;
			defaultConfigurationName = Release;
		};
/* End XCConfigurationList section */
	};
	rootObject = 93DC6D711DFA2C760004ABE6 /* Project object */;
}
